{
  "nodes": {
    "flake-utils": {
      "inputs": {
        "systems": "systems"
      },
      "locked": {
        "lastModified": 1681202837,
        "narHash": "sha256-H+Rh19JDwRtpVPAWp64F+rlEtxUWBAQW28eAi3SRSzg=",
        "owner": "numtide",
        "repo": "flake-utils",
        "rev": "cfacdce06f30d2b68473a46042957675eebb3401",
        "type": "github"
      },
      "original": {
        "owner": "numtide",
        "repo": "flake-utils",
        "type": "github"
      }
    },
    "flake-utils_2": {
      "inputs": {
        "systems": "systems_2"
      },
      "locked": {
        "lastModified": 1681202837,
        "narHash": "sha256-H+Rh19JDwRtpVPAWp64F+rlEtxUWBAQW28eAi3SRSzg=",
        "owner": "numtide",
        "repo": "flake-utils",
        "rev": "cfacdce06f30d2b68473a46042957675eebb3401",
        "type": "github"
      },
      "original": {
        "owner": "numtide",
        "repo": "flake-utils",
        "type": "github"
      }
    },
    "flake-utils_3": {
      "inputs": {
        "systems": "systems_3"
      },
      "locked": {
        "lastModified": 1681202837,
        "narHash": "sha256-H+Rh19JDwRtpVPAWp64F+rlEtxUWBAQW28eAi3SRSzg=",
        "owner": "numtide",
        "repo": "flake-utils",
        "rev": "cfacdce06f30d2b68473a46042957675eebb3401",
        "type": "github"
      },
      "original": {
        "owner": "numtide",
        "repo": "flake-utils",
        "type": "github"
      }
    },
    "flake-utils_4": {
      "inputs": {
        "systems": "systems_4"
      },
      "locked": {
        "lastModified": 1681202837,
        "narHash": "sha256-H+Rh19JDwRtpVPAWp64F+rlEtxUWBAQW28eAi3SRSzg=",
        "owner": "numtide",
        "repo": "flake-utils",
        "rev": "cfacdce06f30d2b68473a46042957675eebb3401",
        "type": "github"
      },
      "original": {
        "owner": "numtide",
        "repo": "flake-utils",
        "type": "github"
      }
    },
    "flake-utils_5": {
      "inputs": {
        "systems": "systems_5"
      },
      "locked": {
        "lastModified": 1681202837,
        "narHash": "sha256-H+Rh19JDwRtpVPAWp64F+rlEtxUWBAQW28eAi3SRSzg=",
        "owner": "numtide",
        "repo": "flake-utils",
        "rev": "cfacdce06f30d2b68473a46042957675eebb3401",
        "type": "github"
      },
      "original": {
        "owner": "numtide",
        "repo": "flake-utils",
        "type": "github"
      }
    },
    "jaraco_mongodb-flake": {
      "inputs": {
        "flake-utils": "flake-utils_2",
        "jaraco_services-flake": "jaraco_services-flake",
        "jaraco_ui-flake": "jaraco_ui-flake",
        "nixpkgs": "nixpkgs_3"
      },
      "locked": {
        "dir": "langchain/dependencies/jaraco_mongodb-11.2.1",
        "lastModified": 1681397917,
        "narHash": "sha256-BQ0ovpS4MnabjeR6AQi+sxZVFl/reC2U8GTZ3U5amM4=",
        "owner": "rydnr",
        "repo": "nix-flakes",
        "rev": "6a04bd47ccf22b262549ae4ebeb2704e03e6117b",
        "type": "github"
      },
      "original": {
        "dir": "langchain/dependencies/jaraco_mongodb-11.2.1",
        "owner": "rydnr",
        "repo": "nix-flakes",
        "type": "github"
      }
    },
    "jaraco_services-flake": {
      "inputs": {
        "flake-utils": "flake-utils_3",
        "nixpkgs": "nixpkgs"
      },
      "locked": {
        "dir": "langchain/dependencies/jaraco_services-3.1.0",
        "lastModified": 1681396750,
        "narHash": "sha256-oPev6Uz3p8cFj0Kjmhi5D+Qvaa1SKVVLScefAl+mSQo=",
        "owner": "rydnr",
        "repo": "nix-flakes",
        "rev": "82e58a1c02720925389336188dc8f3ca0da94d26",
        "type": "github"
      },
      "original": {
        "dir": "langchain/dependencies/jaraco_services-3.1.0",
        "owner": "rydnr",
        "repo": "nix-flakes",
        "type": "github"
      }
    },
    "jaraco_ui-flake": {
      "inputs": {
        "flake-utils": "flake-utils_4",
        "nixpkgs": "nixpkgs_2"
      },
      "locked": {
        "dir": "langchain/dependencies/jaraco_ui-2.3.0",
        "lastModified": 1681396750,
        "narHash": "sha256-oPev6Uz3p8cFj0Kjmhi5D+Qvaa1SKVVLScefAl+mSQo=",
        "owner": "rydnr",
        "repo": "nix-flakes",
        "rev": "82e58a1c02720925389336188dc8f3ca0da94d26",
        "type": "github"
      },
      "original": {
        "dir": "langchain/dependencies/jaraco_ui-2.3.0",
        "owner": "rydnr",
        "repo": "nix-flakes",
        "type": "github"
      }
    },
    "nixpkgs": {
      "locked": {
        "lastModified": 1681269223,
        "narHash": "sha256-i6OeI2f7qGvmLfD07l1Az5iBL+bFeP0RHixisWtpUGo=",
        "owner": "NixOS",
        "repo": "nixpkgs",
        "rev": "87edbd74246ccdfa64503f334ed86fa04010bab9",
        "type": "github"
      },
      "original": {
        "owner": "NixOS",
        "ref": "nixos-22.11",
        "repo": "nixpkgs",
        "type": "github"
      }
    },
    "nixpkgs_2": {
      "locked": {
        "lastModified": 1681269223,
        "narHash": "sha256-i6OeI2f7qGvmLfD07l1Az5iBL+bFeP0RHixisWtpUGo=",
        "owner": "NixOS",
        "repo": "nixpkgs",
        "rev": "87edbd74246ccdfa64503f334ed86fa04010bab9",
        "type": "github"
      },
      "original": {
        "owner": "NixOS",
        "ref": "nixos-22.11",
        "repo": "nixpkgs",
        "type": "github"
      }
    },
    "nixpkgs_3": {
      "locked": {
        "lastModified": 1681269223,
        "narHash": "sha256-i6OeI2f7qGvmLfD07l1Az5iBL+bFeP0RHixisWtpUGo=",
        "owner": "NixOS",
        "repo": "nixpkgs",
        "rev": "87edbd74246ccdfa64503f334ed86fa04010bab9",
        "type": "github"
      },
      "original": {
        "owner": "NixOS",
        "ref": "nixos-22.11",
        "repo": "nixpkgs",
        "type": "github"
      }
    },
    "nixpkgs_4": {
      "locked": {
        "lastModified": 1681269223,
        "narHash": "sha256-i6OeI2f7qGvmLfD07l1Az5iBL+bFeP0RHixisWtpUGo=",
        "owner": "NixOS",
        "repo": "nixpkgs",
        "rev": "87edbd74246ccdfa64503f334ed86fa04010bab9",
        "type": "github"
      },
      "original": {
        "owner": "NixOS",
        "ref": "nixos-22.11",
        "repo": "nixpkgs",
        "type": "github"
      }
    },
    "nixpkgs_5": {
      "locked": {
        "lastModified": 1681269223,
        "narHash": "sha256-i6OeI2f7qGvmLfD07l1Az5iBL+bFeP0RHixisWtpUGo=",
        "owner": "NixOS",
        "repo": "nixpkgs",
        "rev": "87edbd74246ccdfa64503f334ed86fa04010bab9",
        "type": "github"
      },
      "original": {
        "owner": "NixOS",
        "ref": "nixos-22.11",
        "repo": "nixpkgs",
        "type": "github"
      }
    },
    "root": {
      "inputs": {
        "flake-utils": "flake-utils",
        "jaraco_mongodb-flake": "jaraco_mongodb-flake",
        "nixpkgs": "nixpkgs_4",
        "wordnik-py3-flake": "wordnik-py3-flake"
      }
    },
    "systems": {
      "locked": {
        "lastModified": 1681028828,
        "narHash": "sha256-Vy1rq5AaRuLzOxct8nz4T6wlgyUR7zLU309k9mBC768=",
        "owner": "nix-systems",
        "repo": "default",
        "rev": "da67096a3b9bf56a91d16901293e51ba5b49a27e",
        "type": "github"
      },
      "original": {
        "owner": "nix-systems",
        "repo": "default",
        "type": "github"
      }
    },
    "systems_2": {
      "locked": {
        "lastModified": 1681028828,
        "narHash": "sha256-Vy1rq5AaRuLzOxct8nz4T6wlgyUR7zLU309k9mBC768=",
        "owner": "nix-systems",
        "repo": "default",
        "rev": "da67096a3b9bf56a91d16901293e51ba5b49a27e",
        "type": "github"
      },
      "original": {
        "owner": "nix-systems",
        "repo": "default",
        "type": "github"
      }
    },
    "systems_3": {
      "locked": {
        "lastModified": 1681028828,
        "narHash": "sha256-Vy1rq5AaRuLzOxct8nz4T6wlgyUR7zLU309k9mBC768=",
        "owner": "nix-systems",
        "repo": "default",
        "rev": "da67096a3b9bf56a91d16901293e51ba5b49a27e",
        "type": "github"
      },
      "original": {
        "owner": "nix-systems",
        "repo": "default",
        "type": "github"
      }
    },
    "systems_4": {
      "locked": {
        "lastModified": 1681028828,
        "narHash": "sha256-Vy1rq5AaRuLzOxct8nz4T6wlgyUR7zLU309k9mBC768=",
        "owner": "nix-systems",
        "repo": "default",
        "rev": "da67096a3b9bf56a91d16901293e51ba5b49a27e",
        "type": "github"
      },
      "original": {
        "owner": "nix-systems",
        "repo": "default",
        "type": "github"
      }
    },
    "systems_5": {
      "locked": {
        "lastModified": 1681028828,
        "narHash": "sha256-Vy1rq5AaRuLzOxct8nz4T6wlgyUR7zLU309k9mBC768=",
        "owner": "nix-systems",
        "repo": "default",
        "rev": "da67096a3b9bf56a91d16901293e51ba5b49a27e",
        "type": "github"
      },
      "original": {
        "owner": "nix-systems",
        "repo": "default",
        "type": "github"
      }
    },
    "wordnik-py3-flake": {
      "inputs": {
        "flake-utils": "flake-utils_5",
        "nixpkgs": "nixpkgs_5"
      },
      "locked": {
        "dir": "langchain/dependencies/wordnik-py3-2.1.2",
        "lastModified": 1681397917,
        "narHash": "sha256-BQ0ovpS4MnabjeR6AQi+sxZVFl/reC2U8GTZ3U5amM4=",
        "owner": "rydnr",
        "repo": "nix-flakes",
        "rev": "6a04bd47ccf22b262549ae4ebeb2704e03e6117b",
        "type": "github"
      },
      "original": {
        "dir": "langchain/dependencies/wordnik-py3-2.1.2",
        "owner": "rydnr",
        "repo": "nix-flakes",
        "type": "github"
      }
    }
  },
  "root": "root",
  "version": 7
}
