{
  "nodes": {
    "exceptiongroup": {
      "inputs": {
        "flake-utils": [
          "flake-utils"
        ],
        "flit": [
          "flit"
        ],
        "flit-scm": [
          "flit-scm"
        ],
        "nixos": [
          "nixos"
        ]
      },
      "locked": {
        "lastModified": 1,
        "narHash": "sha256-Lc6SznRXtYzvz4U+UKyUQv9Wl/TW1ag0ICSgAIgSt2M=",
        "path": "./exceptiongroup",
        "type": "path"
      },
      "original": {
        "path": "./exceptiongroup",
        "type": "path"
      }
    },
    "flake-utils": {
      "locked": {
        "lastModified": 1652776076,
        "narHash": "sha256-gzTw/v1vj4dOVbpBSJX4J0DwUR6LIyXo7/SuuTJp1kM=",
        "owner": "numtide",
        "repo": "flake-utils",
        "rev": "04c1b180862888302ddfb2e3ad9eaa63afc60cf8",
        "type": "github"
      },
      "original": {
        "owner": "numtide",
        "ref": "v1.0.0",
        "repo": "flake-utils",
        "type": "github"
      }
    },
    "flit": {
      "inputs": {
        "flake-utils": [
          "flake-utils"
        ],
        "nixos": [
          "nixos"
        ],
        "trove-classifiers": [
          "trove-classifiers"
        ]
      },
      "locked": {
        "lastModified": 1,
        "narHash": "sha256-bOi1QXteyhSXZLgeoAgmUql3sYJoUtoDmaikGDufS2U=",
        "path": "./flit",
        "type": "path"
      },
      "original": {
        "path": "./flit",
        "type": "path"
      }
    },
    "flit-scm": {
      "inputs": {
        "flake-utils": [
          "flake-utils"
        ],
        "flit": [
          "flit"
        ],
        "nixos": [
          "nixos"
        ],
        "tomli": "tomli"
      },
      "locked": {
        "lastModified": 1,
        "narHash": "sha256-OPwrHLvqB001FCmgn/H8Mlbnytj5vDyDf+/Fr/61kd4=",
        "path": "./flit-scm",
        "type": "path"
      },
      "original": {
        "path": "./flit-scm",
        "type": "path"
      }
    },
    "hatchling": {
      "inputs": {
        "flake-utils": [
          "flake-utils"
        ],
        "nixos": [
          "nixos"
        ],
        "trove-classifiers": [
          "trove-classifiers"
        ]
      },
      "locked": {
        "lastModified": 1,
        "narHash": "sha256-PNtYNMNgmevM8SoDH/mAst1WmJzZIN3VdkF4phAN7cg=",
        "path": "./hatchling",
        "type": "path"
      },
      "original": {
        "path": "./hatchling",
        "type": "path"
      }
    },
    "nixos": {
      "locked": {
        "lastModified": 1686059680,
        "narHash": "sha256-sp0WlCIeVczzB0G8f8iyRg3IYW7KG31mI66z7HIZwrI=",
        "owner": "NixOS",
        "repo": "nixpkgs",
        "rev": "a558f7ac29f50c4b937fb5c102f587678ae1c9fb",
        "type": "github"
      },
      "original": {
        "owner": "NixOS",
        "ref": "nixos-23.05",
        "repo": "nixpkgs",
        "type": "github"
      }
    },
    "overrides": {
      "inputs": {
        "flake-utils": [
          "flake-utils"
        ],
        "nixos": [
          "nixos"
        ]
      },
      "locked": {
        "lastModified": 1,
        "narHash": "sha256-cB0NCQz7LNQb02UWMoXSP0mVaYm0mLfa7dSr+78WduM=",
        "path": "./overrides",
        "type": "path"
      },
      "original": {
        "path": "./overrides",
        "type": "path"
      }
    },
    "pluggy": {
      "inputs": {
        "flake-utils": [
          "flake-utils"
        ],
        "nixos": [
          "nixos"
        ]
      },
      "locked": {
        "lastModified": 1,
        "narHash": "sha256-3EluuYLqjvWWhrHPtwux0vES+vrIobsXuQvLIawvcYQ=",
        "path": "./pluggy",
        "type": "path"
      },
      "original": {
        "path": "./pluggy",
        "type": "path"
      }
    },
    "pympler": {
      "inputs": {
        "flake-utils": [
          "flake-utils"
        ],
        "nixos": [
          "nixos"
        ]
      },
      "locked": {
        "lastModified": 1,
        "narHash": "sha256-tZpAnz7OWw7pSLtLbaemV+XftuEOkVo9dZAC3jjCy64=",
        "path": "./pympler",
        "type": "path"
      },
      "original": {
        "path": "./pympler",
        "type": "path"
      }
    },
    "root": {
      "inputs": {
        "exceptiongroup": "exceptiongroup",
        "flake-utils": "flake-utils",
        "flit": "flit",
        "flit-scm": "flit-scm",
        "hatchling": "hatchling",
        "nixos": "nixos",
        "overrides": "overrides",
        "pluggy": "pluggy",
        "pympler": "pympler",
        "tomli": "tomli_2",
        "trove-classifiers": "trove-classifiers"
      }
    },
    "tomli": {
      "inputs": {
        "flake-utils": [
          "flit-scm",
          "flake-utils"
        ],
        "flit": [
          "flit-scm",
          "flit"
        ],
        "nixos": [
          "flit-scm",
          "nixos"
        ]
      },
      "locked": {
        "lastModified": 1,
        "narHash": "sha256-sv4qQXos6b0EVNOSP9xfX4milwskdCkvpgwCknMBaJs=",
        "path": "../tomli",
        "type": "path"
      },
      "original": {
        "path": "../tomli",
        "type": "path"
      }
    },
    "tomli_2": {
      "inputs": {
        "flake-utils": [
          "flake-utils"
        ],
        "flit": [
          "flit"
        ],
        "nixos": [
          "nixos"
        ]
      },
      "locked": {
        "lastModified": 1,
        "narHash": "sha256-pTEvPFPqc+vbLVxIKCiUabR17cyDZaO0o1LSLigEytk=",
        "path": "./tomli",
        "type": "path"
      },
      "original": {
        "path": "./tomli",
        "type": "path"
      }
    },
    "trove-classifiers": {
      "inputs": {
        "flake-utils": [
          "flake-utils"
        ],
        "nixos": [
          "nixos"
        ]
      },
      "locked": {
        "lastModified": 1,
        "narHash": "sha256-Kd+sAwrZXz54ST/jxNGGrfvijrfJGuro4o0oIl7SZKs=",
        "path": "./trove-classifiers",
        "type": "path"
      },
      "original": {
        "path": "./trove-classifiers",
        "type": "path"
      }
    }
  },
  "root": "root",
  "version": 7
}
