{
  "nodes": {
    "flake-utils": {
      "locked": {
        "lastModified": 1652776076,
        "narHash": "sha256-gzTw/v1vj4dOVbpBSJX4J0DwUR6LIyXo7/SuuTJp1kM=",
        "owner": "numtide",
        "repo": "flake-utils",
        "rev": "04c1b180862888302ddfb2e3ad9eaa63afc60cf8",
        "type": "github"
      },
      "original": {
        "owner": "numtide",
        "ref": "v1.0.0",
        "repo": "flake-utils",
        "type": "github"
      }
    },
    "flit": {
      "inputs": {
        "flake-utils": [
          "flake-utils"
        ],
        "nixpkgs": [
          "nixpkgs"
        ],
        "trove-classifiers": "trove-classifiers"
      },
      "locked": {
        "dir": "flit",
        "lastModified": 1733507999,
        "narHash": "sha256-eYzk+juA3c/CrwfpNwSqPRoqqaIh/S+yvaT/i5k1afQ=",
        "owner": "rydnr",
        "repo": "nix-flakes",
        "rev": "ad6509e1d90b396c5a34e6359ec784895ccfcfae",
        "type": "github"
      },
      "original": {
        "dir": "flit",
        "owner": "rydnr",
        "ref": "flit-3.9.0.3",
        "repo": "nix-flakes",
        "type": "github"
      }
    },
    "flit-scm": {
      "inputs": {
        "flake-utils": [
          "flake-utils"
        ],
        "flit": [
          "flit"
        ],
        "nixpkgs": [
          "nixpkgs"
        ],
        "tomli": "tomli"
      },
      "locked": {
        "dir": "flit-scm",
        "lastModified": 1733508303,
        "narHash": "sha256-ooc5pexYA4NamLy9B5cjB7eF8f5P4AYSUJD4ryj+Xq0=",
        "owner": "rydnr",
        "repo": "nix-flakes",
        "rev": "6269636201264049378f95b66c7bea4cb0a7bb96",
        "type": "github"
      },
      "original": {
        "dir": "flit-scm",
        "owner": "rydnr",
        "ref": "flit-scm-1.7.0.1",
        "repo": "nix-flakes",
        "type": "github"
      }
    },
    "nixpkgs": {
      "locked": {
        "lastModified": 1717179513,
        "narHash": "sha256-vboIEwIQojofItm2xGCdZCzW96U85l9nDW3ifMuAIdM=",
        "owner": "NixOS",
        "repo": "nixpkgs",
        "rev": "63dacb46bf939521bdc93981b4cbb7ecb58427a0",
        "type": "github"
      },
      "original": {
        "owner": "NixOS",
        "ref": "24.05",
        "repo": "nixpkgs",
        "type": "github"
      }
    },
    "root": {
      "inputs": {
        "flake-utils": "flake-utils",
        "flit": "flit",
        "flit-scm": "flit-scm",
        "nixpkgs": "nixpkgs"
      }
    },
    "tomli": {
      "inputs": {
        "flake-utils": [
          "flit-scm",
          "flake-utils"
        ],
        "flit": [
          "flit-scm",
          "flit"
        ],
        "nixpkgs": [
          "flit-scm",
          "nixpkgs"
        ]
      },
      "locked": {
        "dir": "tomli",
        "lastModified": 1733508193,
        "narHash": "sha256-jpRnwjLTgDPxPVThwOsxy/ywo6hIIQx+Wea8rKtN0yQ=",
        "owner": "rydnr",
        "repo": "nix-flakes",
        "rev": "f37bb8a5baf3546a7752eac045cfb078ade2fa1b",
        "type": "github"
      },
      "original": {
        "dir": "tomli",
        "owner": "rydnr",
        "ref": "tomli-2.0.1.2",
        "repo": "nix-flakes",
        "type": "github"
      }
    },
    "trove-classifiers": {
      "inputs": {
        "flake-utils": [
          "flit",
          "flake-utils"
        ],
        "nixpkgs": [
          "flit",
          "nixpkgs"
        ]
      },
      "locked": {
        "dir": "trove-classifiers",
        "lastModified": 1733507900,
        "narHash": "sha256-SfUJVcnYvuPW9pzfFBjslyJuc3nru6u8QTTh6gL4rF8=",
        "owner": "rydnr",
        "repo": "nix-flakes",
        "rev": "f63f8dc59791dc10adb7d34bd695113df503347a",
        "type": "github"
      },
      "original": {
        "dir": "trove-classifiers",
        "owner": "rydnr",
        "ref": "trove-classifiers-2023.5.24.2",
        "repo": "nix-flakes",
        "type": "github"
      }
    }
  },
  "root": "root",
  "version": 7
}
