{
  "nodes": {
    "flake-utils": {
      "locked": {
        "lastModified": 1652776076,
        "narHash": "sha256-gzTw/v1vj4dOVbpBSJX4J0DwUR6LIyXo7/SuuTJp1kM=",
        "owner": "numtide",
        "repo": "flake-utils",
        "rev": "04c1b180862888302ddfb2e3ad9eaa63afc60cf8",
        "type": "github"
      },
      "original": {
        "owner": "numtide",
        "ref": "v1.0.0",
        "repo": "flake-utils",
        "type": "github"
      }
    },
    "flit": {
      "inputs": {
        "flake-utils": [
          "flake-utils"
        ],
        "nixos": [
          "nixos"
        ],
        "trove-classifiers": "trove-classifiers"
      },
      "locked": {
        "lastModified": 1,
        "narHash": "sha256-cCgKVEO756pZODgGNlEknWOZ2RL/fVdN9B+7h6ZSqaw=",
        "path": "../flit",
        "type": "path"
      },
      "original": {
        "path": "../flit",
        "type": "path"
      }
    },
    "flit-scm": {
      "inputs": {
        "flake-utils": [
          "flake-utils"
        ],
        "flit": [
          "flit"
        ],
        "nixos": [
          "nixos"
        ]
      },
      "locked": {
        "lastModified": 1,
        "narHash": "sha256-ixgrYQ9yxqZ1eC8CFgx2ytyc+FwSiqhHZKJI7MBNzf0=",
        "path": "../flit-scm",
        "type": "path"
      },
      "original": {
        "path": "../flit-scm",
        "type": "path"
      }
    },
    "nixos": {
      "locked": {
        "lastModified": 1686059680,
        "narHash": "sha256-sp0WlCIeVczzB0G8f8iyRg3IYW7KG31mI66z7HIZwrI=",
        "owner": "NixOS",
        "repo": "nixpkgs",
        "rev": "a558f7ac29f50c4b937fb5c102f587678ae1c9fb",
        "type": "github"
      },
      "original": {
        "owner": "NixOS",
        "ref": "nixos-23.05",
        "repo": "nixpkgs",
        "type": "github"
      }
    },
    "root": {
      "inputs": {
        "flake-utils": "flake-utils",
        "flit": "flit",
        "flit-scm": "flit-scm",
        "nixos": "nixos"
      }
    },
    "trove-classifiers": {
      "inputs": {
        "flake-utils": [
          "flit",
          "flake-utils"
        ],
        "nixos": [
          "flit",
          "nixos"
        ]
      },
      "locked": {
        "lastModified": 1,
        "narHash": "sha256-Kd+sAwrZXz54ST/jxNGGrfvijrfJGuro4o0oIl7SZKs=",
        "path": "../trove-classifiers",
        "type": "path"
      },
      "original": {
        "path": "../trove-classifiers",
        "type": "path"
      }
    }
  },
  "root": "root",
  "version": 7
}
