{
  "nodes": {
    "blobfile-flake": {
      "inputs": {
        "flake-utils": "flake-utils",
        "nixpkgs": "nixpkgs"
      },
      "locked": {
        "dir": "langchain/dependencies/blobfile-2.0.1",
        "lastModified": 1680717935,
        "narHash": "sha256-aL0pi6vXkROHMKL1uxjDGhyB6OiYV9GZ+2hUz3h0mDo=",
        "owner": "rydnr",
        "repo": "nix-flakes",
        "rev": "46e3622ba8bfab0be4da2b3a934a00996cffc2bd",
        "type": "github"
      },
      "original": {
        "dir": "langchain/dependencies/blobfile-2.0.1",
        "owner": "rydnr",
        "repo": "nix-flakes",
        "type": "github"
      }
    },
    "flake-utils": {
      "locked": {
        "lastModified": 1678901627,
        "narHash": "sha256-U02riOqrKKzwjsxc/400XnElV+UtPUQWpANPlyazjH0=",
        "owner": "numtide",
        "repo": "flake-utils",
        "rev": "93a2b84fc4b70d9e089d029deacc3583435c2ed6",
        "type": "github"
      },
      "original": {
        "owner": "numtide",
        "repo": "flake-utils",
        "type": "github"
      }
    },
    "flake-utils_2": {
      "locked": {
        "lastModified": 1678901627,
        "narHash": "sha256-U02riOqrKKzwjsxc/400XnElV+UtPUQWpANPlyazjH0=",
        "owner": "numtide",
        "repo": "flake-utils",
        "rev": "93a2b84fc4b70d9e089d029deacc3583435c2ed6",
        "type": "github"
      },
      "original": {
        "owner": "numtide",
        "repo": "flake-utils",
        "type": "github"
      }
    },
    "flake-utils_3": {
      "locked": {
        "lastModified": 1678901627,
        "narHash": "sha256-U02riOqrKKzwjsxc/400XnElV+UtPUQWpANPlyazjH0=",
        "owner": "numtide",
        "repo": "flake-utils",
        "rev": "93a2b84fc4b70d9e089d029deacc3583435c2ed6",
        "type": "github"
      },
      "original": {
        "owner": "numtide",
        "repo": "flake-utils",
        "type": "github"
      }
    },
    "nixpkgs": {
      "locked": {
        "lastModified": 1680588688,
        "narHash": "sha256-SW95w50Pdw3nivgTuCebtbbPqaCTp9ctnFMNj24vdck=",
        "owner": "NixOS",
        "repo": "nixpkgs",
        "rev": "3e01f83884b8ed7cbafa784727fb343f1876d56f",
        "type": "github"
      },
      "original": {
        "owner": "NixOS",
        "ref": "nixos-22.11",
        "repo": "nixpkgs",
        "type": "github"
      }
    },
    "nixpkgs_2": {
      "locked": {
        "lastModified": 1680588688,
        "narHash": "sha256-SW95w50Pdw3nivgTuCebtbbPqaCTp9ctnFMNj24vdck=",
        "owner": "NixOS",
        "repo": "nixpkgs",
        "rev": "3e01f83884b8ed7cbafa784727fb343f1876d56f",
        "type": "github"
      },
      "original": {
        "owner": "NixOS",
        "ref": "nixos-22.11",
        "repo": "nixpkgs",
        "type": "github"
      }
    },
    "nixpkgs_3": {
      "locked": {
        "lastModified": 1680588688,
        "narHash": "sha256-SW95w50Pdw3nivgTuCebtbbPqaCTp9ctnFMNj24vdck=",
        "owner": "NixOS",
        "repo": "nixpkgs",
        "rev": "3e01f83884b8ed7cbafa784727fb343f1876d56f",
        "type": "github"
      },
      "original": {
        "owner": "NixOS",
        "ref": "nixos-22.11",
        "repo": "nixpkgs",
        "type": "github"
      }
    },
    "root": {
      "inputs": {
        "blobfile-flake": "blobfile-flake",
        "flake-utils": "flake-utils_2",
        "nixpkgs": "nixpkgs_2",
        "setuptools-rust-flake": "setuptools-rust-flake"
      }
    },
    "setuptools-rust-flake": {
      "inputs": {
        "flake-utils": "flake-utils_3",
        "nixpkgs": "nixpkgs_3"
      },
      "locked": {
        "dir": "langchain/dependencies/setuptools-rust-1.5.2",
        "lastModified": 1680717935,
        "narHash": "sha256-aL0pi6vXkROHMKL1uxjDGhyB6OiYV9GZ+2hUz3h0mDo=",
        "owner": "rydnr",
        "repo": "nix-flakes",
        "rev": "46e3622ba8bfab0be4da2b3a934a00996cffc2bd",
        "type": "github"
      },
      "original": {
        "dir": "langchain/dependencies/setuptools-rust-1.5.2",
        "owner": "rydnr",
        "repo": "nix-flakes",
        "type": "github"
      }
    }
  },
  "root": "root",
  "version": 7
}
