{
  "nodes": {
    "flake-utils": {
      "locked": {
        "lastModified": 1652776076,
        "narHash": "sha256-gzTw/v1vj4dOVbpBSJX4J0DwUR6LIyXo7/SuuTJp1kM=",
        "owner": "numtide",
        "repo": "flake-utils",
        "rev": "04c1b180862888302ddfb2e3ad9eaa63afc60cf8",
        "type": "github"
      },
      "original": {
        "owner": "numtide",
        "ref": "v1.0.0",
        "repo": "flake-utils",
        "type": "github"
      }
    },
    "nixos": {
      "locked": {
        "lastModified": 1717179513,
        "narHash": "sha256-vboIEwIQojofItm2xGCdZCzW96U85l9nDW3ifMuAIdM=",
        "owner": "NixOS",
        "repo": "nixpkgs",
        "rev": "63dacb46bf939521bdc93981b4cbb7ecb58427a0",
        "type": "github"
      },
      "original": {
        "owner": "NixOS",
        "ref": "24.05",
        "repo": "nixpkgs",
        "type": "github"
      }
    },
    "pythoneda-shared-pythonlang-banner": {
      "inputs": {
        "flake-utils": [
          "flake-utils"
        ],
        "nixos": [
          "nixos"
        ]
      },
      "locked": {
        "lastModified": 1731668408,
        "narHash": "sha256-oCzYR2e8hCD9nvjbg1rKHyfZf6t/n75fPYwSiZPZG94=",
        "owner": "pythoneda-shared-pythonlang-def",
        "repo": "banner",
        "rev": "a68e4aebbe346d7514ae23d9bd743626854a46ac",
        "type": "github"
      },
      "original": {
        "owner": "pythoneda-shared-pythonlang-def",
        "ref": "0.0.61",
        "repo": "banner",
        "type": "github"
      }
    },
    "pythoneda-shared-pythonlang-domain": {
      "inputs": {
        "flake-utils": [
          "flake-utils"
        ],
        "nixos": [
          "nixos"
        ],
        "pythoneda-shared-pythonlang-banner": [
          "pythoneda-shared-pythonlang-banner"
        ]
      },
      "locked": {
        "lastModified": 1731739707,
        "narHash": "sha256-ws8SPT03NewTaqIolEcElKz7q+1F3cEdKDtVLaSatoU=",
        "owner": "pythoneda-shared-pythonlang-def",
        "repo": "domain",
        "rev": "45e2aa1556c00c48de97517ddf1cc1247992a546",
        "type": "github"
      },
      "original": {
        "owner": "pythoneda-shared-pythonlang-def",
        "ref": "0.0.64",
        "repo": "domain",
        "type": "github"
      }
    },
    "root": {
      "inputs": {
        "flake-utils": "flake-utils",
        "nixos": "nixos",
        "pythoneda-shared-pythonlang-banner": "pythoneda-shared-pythonlang-banner",
        "pythoneda-shared-pythonlang-domain": "pythoneda-shared-pythonlang-domain"
      }
    }
  },
  "root": "root",
  "version": 7
}
